// !$*UTF8*$!
{
	archiveVersion = 1;
	classes = {
	};
	objectVersion = 50;
	objects = {

/* Begin PBXBuildFile section */
		6739C062A580965D06B62206 /* Pods_DJIML.framework in Frameworks */ = {isa = PBXBuildFile; fileRef = C78648C550FD18B6CC1CC108 /* Pods_DJIML.framework */; };
		A25201B021119ECE00BADE9C /* AppDelegate.swift in Sources */ = {isa = PBXBuildFile; fileRef = A25201AF21119ECE00BADE9C /* AppDelegate.swift */; };
		A25201B521119ECE00BADE9C /* Main.storyboard in Resources */ = {isa = PBXBuildFile; fileRef = A25201B321119ECE00BADE9C /* Main.storyboard */; };
		A25201B721119ECF00BADE9C /* Assets.xcassets in Resources */ = {isa = PBXBuildFile; fileRef = A25201B621119ECF00BADE9C /* Assets.xcassets */; };
		A25201BA21119ECF00BADE9C /* LaunchScreen.storyboard in Resources */ = {isa = PBXBuildFile; fileRef = A25201B821119ECF00BADE9C /* LaunchScreen.storyboard */; };
		A25201CB21119F3900BADE9C /* Math.swift in Sources */ = {isa = PBXBuildFile; fileRef = A25201C221119F3900BADE9C /* Math.swift */; };
		A25201CC21119F3900BADE9C /* UIImage+CVPixelBuffer.swift in Sources */ = {isa = PBXBuildFile; fileRef = A25201C321119F3900BADE9C /* UIImage+CVPixelBuffer.swift */; };
		A25201CD21119F3900BADE9C /* Array.swift in Sources */ = {isa = PBXBuildFile; fileRef = A25201C421119F3900BADE9C /* Array.swift */; };
		A25201CE21119F3900BADE9C /* BoundingBox.swift in Sources */ = {isa = PBXBuildFile; fileRef = A25201C521119F3900BADE9C /* BoundingBox.swift */; };
		A25201CF21119F3900BADE9C /* Predictions.swift in Sources */ = {isa = PBXBuildFile; fileRef = A25201C621119F3900BADE9C /* Predictions.swift */; };
		A25201D021119F3900BADE9C /* MultiArray.swift in Sources */ = {isa = PBXBuildFile; fileRef = A25201C721119F3900BADE9C /* MultiArray.swift */; };
		A25201D121119F3900BADE9C /* CVPixelBuffer+Helpers.swift in Sources */ = {isa = PBXBuildFile; fileRef = A25201C821119F3900BADE9C /* CVPixelBuffer+Helpers.swift */; };
		A25201D221119F3900BADE9C /* NonMaxSuppression.swift in Sources */ = {isa = PBXBuildFile; fileRef = A25201C921119F3900BADE9C /* NonMaxSuppression.swift */; };
		A25201D321119F3900BADE9C /* MLMultiArray+Image.swift in Sources */ = {isa = PBXBuildFile; fileRef = A25201CA21119F3900BADE9C /* MLMultiArray+Image.swift */; };
		A259EE4B2129BD12009B7E79 /* TinyCOCOYOLO.mlmodel in Sources */ = {isa = PBXBuildFile; fileRef = A259EE4A2129BD12009B7E79 /* TinyCOCOYOLO.mlmodel */; };
		A25EBB4A2111A2A7009D9091 /* VideoPreviewer.framework in Frameworks */ = {isa = PBXBuildFile; fileRef = A25EBB492111A28D009D9091 /* VideoPreviewer.framework */; };
		A25EBB4B2111A2A7009D9091 /* VideoPreviewer.framework in Embed Frameworks */ = {isa = PBXBuildFile; fileRef = A25EBB492111A28D009D9091 /* VideoPreviewer.framework */; settings = {ATTRIBUTES = (CodeSignOnCopy, RemoveHeadersOnCopy, ); }; };
		A263AAE3211B0D0F00B91AB7 /* SwiftFloat16.swift in Sources */ = {isa = PBXBuildFile; fileRef = A263AAE2211B0D0F00B91AB7 /* SwiftFloat16.swift */; };
		A263AAE5211B12CD00B91AB7 /* MPSImage+Float.swift in Sources */ = {isa = PBXBuildFile; fileRef = A263AAE4211B12CD00B91AB7 /* MPSImage+Float.swift */; };
		A263AAE7211B204500B91AB7 /* MTLTexture+Array.swift in Sources */ = {isa = PBXBuildFile; fileRef = A263AAE6211B204500B91AB7 /* MTLTexture+Array.swift */; };
		A263AAE9211B25EA00B91AB7 /* UIImage+RawBytes.swift in Sources */ = {isa = PBXBuildFile; fileRef = A263AAE8211B25EA00B91AB7 /* UIImage+RawBytes.swift */; };
		A263AAEB211B27DE00B91AB7 /* UIImage+MTLTexture.swift in Sources */ = {isa = PBXBuildFile; fileRef = A263AAEA211B27DE00B91AB7 /* UIImage+MTLTexture.swift */; };
		A263AAED211B2F3300B91AB7 /* Debugging.swift in Sources */ = {isa = PBXBuildFile; fileRef = A263AAEC211B2F3300B91AB7 /* Debugging.swift */; };
		A263AAEF211B30A800B91AB7 /* TextureLoader.swift in Sources */ = {isa = PBXBuildFile; fileRef = A263AAEE211B30A800B91AB7 /* TextureLoader.swift */; };
		A263AAF1211B31D500B91AB7 /* MPSYOLO.swift in Sources */ = {isa = PBXBuildFile; fileRef = A263AAF0211B31D500B91AB7 /* MPSYOLO.swift */; };
		A263AAFD211B60FA00B91AB7 /* conv8.bin in Resources */ = {isa = PBXBuildFile; fileRef = A263AAF4211B60FA00B91AB7 /* conv8.bin */; };
		A263AAFE211B60FA00B91AB7 /* conv9.bin in Resources */ = {isa = PBXBuildFile; fileRef = A263AAF5211B60FA00B91AB7 /* conv9.bin */; };
		A263AAFF211B60FA00B91AB7 /* conv4.bin in Resources */ = {isa = PBXBuildFile; fileRef = A263AAF6211B60FA00B91AB7 /* conv4.bin */; };
		A263AB00211B60FA00B91AB7 /* conv5.bin in Resources */ = {isa = PBXBuildFile; fileRef = A263AAF7211B60FA00B91AB7 /* conv5.bin */; };
		A263AB01211B60FA00B91AB7 /* conv7.bin in Resources */ = {isa = PBXBuildFile; fileRef = A263AAF8211B60FA00B91AB7 /* conv7.bin */; };
		A263AB02211B60FA00B91AB7 /* conv6.bin in Resources */ = {isa = PBXBuildFile; fileRef = A263AAF9211B60FA00B91AB7 /* conv6.bin */; };
		A263AB03211B60FA00B91AB7 /* conv2.bin in Resources */ = {isa = PBXBuildFile; fileRef = A263AAFA211B60FA00B91AB7 /* conv2.bin */; };
		A263AB04211B60FA00B91AB7 /* conv3.bin in Resources */ = {isa = PBXBuildFile; fileRef = A263AAFB211B60FA00B91AB7 /* conv3.bin */; };
		A263AB05211B60FA00B91AB7 /* conv1.bin in Resources */ = {isa = PBXBuildFile; fileRef = A263AAFC211B60FA00B91AB7 /* conv1.bin */; };
		A27AA18B2129BFCA00C834DD /* DefaultLayoutViewController.swift in Sources */ = {isa = PBXBuildFile; fileRef = A27AA1892129BFC900C834DD /* DefaultLayoutViewController.swift */; };
		A27AA18C2129BFCA00C834DD /* DJIMLViewController.xib in Resources */ = {isa = PBXBuildFile; fileRef = A27AA18A2129BFC900C834DD /* DJIMLViewController.xib */; };
		A2B91B272111A6A10068274F /* TinyYOLO.mlmodel in Sources */ = {isa = PBXBuildFile; fileRef = A2B91B222111A6A00068274F /* TinyYOLO.mlmodel */; };
		A2B91B282111A6A10068274F /* DJIMLHelpers.swift in Sources */ = {isa = PBXBuildFile; fileRef = A2B91B232111A6A00068274F /* DJIMLHelpers.swift */; };
		A2B91B292111A6A10068274F /* DJIVideoCapture.swift in Sources */ = {isa = PBXBuildFile; fileRef = A2B91B242111A6A00068274F /* DJIVideoCapture.swift */; };
		A2B91B2A2111A6A10068274F /* DJIMLViewController.swift in Sources */ = {isa = PBXBuildFile; fileRef = A2B91B252111A6A00068274F /* DJIMLViewController.swift */; };
		A2B91B2B2111A6A10068274F /* YOLO.swift in Sources */ = {isa = PBXBuildFile; fileRef = A2B91B262111A6A00068274F /* YOLO.swift */; };
		A2E1638E211335AA008CB7FC /* README.md in Resources */ = {isa = PBXBuildFile; fileRef = A2E1638D211335AA008CB7FC /* README.md */; };
/* End PBXBuildFile section */

/* Begin PBXContainerItemProxy section */
		A25EBB482111A28D009D9091 /* PBXContainerItemProxy */ = {
			isa = PBXContainerItemProxy;
			containerPortal = A25EBB442111A28D009D9091 /* VideoPreviewer.xcodeproj */;
			proxyType = 2;
			remoteGlobalIDString = 02A543FD1C3C51CB0083C11B;
			remoteInfo = VideoPreviewer;
		};
		A25EBB4C2111A2A7009D9091 /* PBXContainerItemProxy */ = {
			isa = PBXContainerItemProxy;
			containerPortal = A25EBB442111A28D009D9091 /* VideoPreviewer.xcodeproj */;
			proxyType = 1;
			remoteGlobalIDString = 02A543FC1C3C51CB0083C11B;
			remoteInfo = VideoPreviewer;
		};
/* End PBXContainerItemProxy section */

/* Begin PBXCopyFilesBuildPhase section */
		A25EBB4E2111A2A7009D9091 /* Embed Frameworks */ = {
			isa = PBXCopyFilesBuildPhase;
			buildActionMask = 2147483647;
			dstPath = "";
			dstSubfolderSpec = 10;
			files = (
				A25EBB4B2111A2A7009D9091 /* VideoPreviewer.framework in Embed Frameworks */,
			);
			name = "Embed Frameworks";
			runOnlyForDeploymentPostprocessing = 0;
		};
/* End PBXCopyFilesBuildPhase section */

/* Begin PBXFileReference section */
		5934A21DC08FD736A96D0899 /* Pods-DJIML.release.xcconfig */ = {isa = PBXFileReference; includeInIndex = 1; lastKnownFileType = text.xcconfig; name = "Pods-DJIML.release.xcconfig"; path = "Pods/Target Support Files/Pods-DJIML/Pods-DJIML.release.xcconfig"; sourceTree = "<group>"; };
		A25201AC21119ECE00BADE9C /* DJIML.app */ = {isa = PBXFileReference; explicitFileType = wrapper.application; includeInIndex = 0; path = DJIML.app; sourceTree = BUILT_PRODUCTS_DIR; };
		A25201AF21119ECE00BADE9C /* AppDelegate.swift */ = {isa = PBXFileReference; lastKnownFileType = sourcecode.swift; path = AppDelegate.swift; sourceTree = "<group>"; };
		A25201B421119ECE00BADE9C /* Base */ = {isa = PBXFileReference; lastKnownFileType = file.storyboard; name = Base; path = Base.lproj/Main.storyboard; sourceTree = "<group>"; };
		A25201B621119ECF00BADE9C /* Assets.xcassets */ = {isa = PBXFileReference; lastKnownFileType = folder.assetcatalog; path = Assets.xcassets; sourceTree = "<group>"; };
		A25201B921119ECF00BADE9C /* Base */ = {isa = PBXFileReference; lastKnownFileType = file.storyboard; name = Base; path = Base.lproj/LaunchScreen.storyboard; sourceTree = "<group>"; };
		A25201BB21119ECF00BADE9C /* Info.plist */ = {isa = PBXFileReference; lastKnownFileType = text.plist.xml; path = Info.plist; sourceTree = "<group>"; };
		A25201C221119F3900BADE9C /* Math.swift */ = {isa = PBXFileReference; fileEncoding = 4; lastKnownFileType = sourcecode.swift; path = Math.swift; sourceTree = "<group>"; };
		A25201C321119F3900BADE9C /* UIImage+CVPixelBuffer.swift */ = {isa = PBXFileReference; fileEncoding = 4; lastKnownFileType = sourcecode.swift; path = "UIImage+CVPixelBuffer.swift"; sourceTree = "<group>"; };
		A25201C421119F3900BADE9C /* Array.swift */ = {isa = PBXFileReference; fileEncoding = 4; lastKnownFileType = sourcecode.swift; path = Array.swift; sourceTree = "<group>"; };
		A25201C521119F3900BADE9C /* BoundingBox.swift */ = {isa = PBXFileReference; fileEncoding = 4; lastKnownFileType = sourcecode.swift; path = BoundingBox.swift; sourceTree = "<group>"; };
		A25201C621119F3900BADE9C /* Predictions.swift */ = {isa = PBXFileReference; fileEncoding = 4; lastKnownFileType = sourcecode.swift; path = Predictions.swift; sourceTree = "<group>"; };
		A25201C721119F3900BADE9C /* MultiArray.swift */ = {isa = PBXFileReference; fileEncoding = 4; lastKnownFileType = sourcecode.swift; path = MultiArray.swift; sourceTree = "<group>"; };
		A25201C821119F3900BADE9C /* CVPixelBuffer+Helpers.swift */ = {isa = PBXFileReference; fileEncoding = 4; lastKnownFileType = sourcecode.swift; path = "CVPixelBuffer+Helpers.swift"; sourceTree = "<group>"; };
		A25201C921119F3900BADE9C /* NonMaxSuppression.swift */ = {isa = PBXFileReference; fileEncoding = 4; lastKnownFileType = sourcecode.swift; path = NonMaxSuppression.swift; sourceTree = "<group>"; };
		A25201CA21119F3900BADE9C /* MLMultiArray+Image.swift */ = {isa = PBXFileReference; fileEncoding = 4; lastKnownFileType = sourcecode.swift; path = "MLMultiArray+Image.swift"; sourceTree = "<group>"; };
		A259EE4A2129BD12009B7E79 /* TinyCOCOYOLO.mlmodel */ = {isa = PBXFileReference; lastKnownFileType = file.mlmodel; path = TinyCOCOYOLO.mlmodel; sourceTree = "<group>"; };
		A25EBB442111A28D009D9091 /* VideoPreviewer.xcodeproj */ = {isa = PBXFileReference; lastKnownFileType = "wrapper.pb-project"; name = VideoPreviewer.xcodeproj; path = VideoPreviewer/VideoPreviewer.xcodeproj; sourceTree = "<group>"; };
		A263AAE2211B0D0F00B91AB7 /* SwiftFloat16.swift */ = {isa = PBXFileReference; lastKnownFileType = sourcecode.swift; path = SwiftFloat16.swift; sourceTree = "<group>"; };
		A263AAE4211B12CD00B91AB7 /* MPSImage+Float.swift */ = {isa = PBXFileReference; lastKnownFileType = sourcecode.swift; path = "MPSImage+Float.swift"; sourceTree = "<group>"; };
		A263AAE6211B204500B91AB7 /* MTLTexture+Array.swift */ = {isa = PBXFileReference; lastKnownFileType = sourcecode.swift; path = "MTLTexture+Array.swift"; sourceTree = "<group>"; };
		A263AAE8211B25EA00B91AB7 /* UIImage+RawBytes.swift */ = {isa = PBXFileReference; lastKnownFileType = sourcecode.swift; path = "UIImage+RawBytes.swift"; sourceTree = "<group>"; };
		A263AAEA211B27DE00B91AB7 /* UIImage+MTLTexture.swift */ = {isa = PBXFileReference; lastKnownFileType = sourcecode.swift; path = "UIImage+MTLTexture.swift"; sourceTree = "<group>"; };
		A263AAEC211B2F3300B91AB7 /* Debugging.swift */ = {isa = PBXFileReference; lastKnownFileType = sourcecode.swift; path = Debugging.swift; sourceTree = "<group>"; };
		A263AAEE211B30A800B91AB7 /* TextureLoader.swift */ = {isa = PBXFileReference; lastKnownFileType = sourcecode.swift; path = TextureLoader.swift; sourceTree = "<group>"; };
		A263AAF0211B31D500B91AB7 /* MPSYOLO.swift */ = {isa = PBXFileReference; lastKnownFileType = sourcecode.swift; path = MPSYOLO.swift; sourceTree = "<group>"; };
		A263AAF4211B60FA00B91AB7 /* conv8.bin */ = {isa = PBXFileReference; lastKnownFileType = archive.macbinary; path = conv8.bin; sourceTree = "<group>"; };
		A263AAF5211B60FA00B91AB7 /* conv9.bin */ = {isa = PBXFileReference; lastKnownFileType = archive.macbinary; path = conv9.bin; sourceTree = "<group>"; };
		A263AAF6211B60FA00B91AB7 /* conv4.bin */ = {isa = PBXFileReference; lastKnownFileType = archive.macbinary; path = conv4.bin; sourceTree = "<group>"; };
		A263AAF7211B60FA00B91AB7 /* conv5.bin */ = {isa = PBXFileReference; lastKnownFileType = archive.macbinary; path = conv5.bin; sourceTree = "<group>"; };
		A263AAF8211B60FA00B91AB7 /* conv7.bin */ = {isa = PBXFileReference; lastKnownFileType = archive.macbinary; path = conv7.bin; sourceTree = "<group>"; };
		A263AAF9211B60FA00B91AB7 /* conv6.bin */ = {isa = PBXFileReference; lastKnownFileType = archive.macbinary; path = conv6.bin; sourceTree = "<group>"; };
		A263AAFA211B60FA00B91AB7 /* conv2.bin */ = {isa = PBXFileReference; lastKnownFileType = archive.macbinary; path = conv2.bin; sourceTree = "<group>"; };
		A263AAFB211B60FA00B91AB7 /* conv3.bin */ = {isa = PBXFileReference; lastKnownFileType = archive.macbinary; path = conv3.bin; sourceTree = "<group>"; };
		A263AAFC211B60FA00B91AB7 /* conv1.bin */ = {isa = PBXFileReference; lastKnownFileType = archive.macbinary; path = conv1.bin; sourceTree = "<group>"; };
		A27AA1892129BFC900C834DD /* DefaultLayoutViewController.swift */ = {isa = PBXFileReference; fileEncoding = 4; lastKnownFileType = sourcecode.swift; path = DefaultLayoutViewController.swift; sourceTree = "<group>"; };
		A27AA18A2129BFC900C834DD /* DJIMLViewController.xib */ = {isa = PBXFileReference; fileEncoding = 4; lastKnownFileType = file.xib; path = DJIMLViewController.xib; sourceTree = "<group>"; };
		A2B91B222111A6A00068274F /* TinyYOLO.mlmodel */ = {isa = PBXFileReference; lastKnownFileType = file.mlmodel; path = TinyYOLO.mlmodel; sourceTree = "<group>"; };
		A2B91B232111A6A00068274F /* DJIMLHelpers.swift */ = {isa = PBXFileReference; fileEncoding = 4; lastKnownFileType = sourcecode.swift; path = DJIMLHelpers.swift; sourceTree = "<group>"; };
		A2B91B242111A6A00068274F /* DJIVideoCapture.swift */ = {isa = PBXFileReference; fileEncoding = 4; lastKnownFileType = sourcecode.swift; path = DJIVideoCapture.swift; sourceTree = "<group>"; };
		A2B91B252111A6A00068274F /* DJIMLViewController.swift */ = {isa = PBXFileReference; fileEncoding = 4; lastKnownFileType = sourcecode.swift; path = DJIMLViewController.swift; sourceTree = "<group>"; };
		A2B91B262111A6A00068274F /* YOLO.swift */ = {isa = PBXFileReference; fileEncoding = 4; lastKnownFileType = sourcecode.swift; path = YOLO.swift; sourceTree = "<group>"; };
		A2E1638D211335AA008CB7FC /* README.md */ = {isa = PBXFileReference; fileEncoding = 4; lastKnownFileType = net.daringfireball.markdown; path = README.md; sourceTree = "<group>"; };
		C78648C550FD18B6CC1CC108 /* Pods_DJIML.framework */ = {isa = PBXFileReference; explicitFileType = wrapper.framework; includeInIndex = 0; path = Pods_DJIML.framework; sourceTree = BUILT_PRODUCTS_DIR; };
		FCC982CA80434BFB68F613A6 /* Pods-DJIML.debug.xcconfig */ = {isa = PBXFileReference; includeInIndex = 1; lastKnownFileType = text.xcconfig; name = "Pods-DJIML.debug.xcconfig"; path = "Pods/Target Support Files/Pods-DJIML/Pods-DJIML.debug.xcconfig"; sourceTree = "<group>"; };
/* End PBXFileReference section */

/* Begin PBXFrameworksBuildPhase section */
		A25201A921119ECE00BADE9C /* Frameworks */ = {
			isa = PBXFrameworksBuildPhase;
			buildActionMask = 2147483647;
			files = (
				A25EBB4A2111A2A7009D9091 /* VideoPreviewer.framework in Frameworks */,
				6739C062A580965D06B62206 /* Pods_DJIML.framework in Frameworks */,
			);
			runOnlyForDeploymentPostprocessing = 0;
		};
/* End PBXFrameworksBuildPhase section */

/* Begin PBXGroup section */
		210922E40C420787E25C0F71 /* Pods */ = {
			isa = PBXGroup;
			children = (
				FCC982CA80434BFB68F613A6 /* Pods-DJIML.debug.xcconfig */,
				5934A21DC08FD736A96D0899 /* Pods-DJIML.release.xcconfig */,
			);
			name = Pods;
			sourceTree = "<group>";
		};
		A25201A321119ECE00BADE9C = {
			isa = PBXGroup;
			children = (
				A2E1638D211335AA008CB7FC /* README.md */,
				A25201AE21119ECE00BADE9C /* DJIML */,
				A25201AD21119ECE00BADE9C /* Products */,
				210922E40C420787E25C0F71 /* Pods */,
				AA086BAD354BB18B865F6CE4 /* Frameworks */,
			);
			sourceTree = "<group>";
		};
		A25201AD21119ECE00BADE9C /* Products */ = {
			isa = PBXGroup;
			children = (
				A25201AC21119ECE00BADE9C /* DJIML.app */,
			);
			name = Products;
			sourceTree = "<group>";
		};
		A25201AE21119ECE00BADE9C /* DJIML */ = {
			isa = PBXGroup;
			children = (
				A259EE4C2129BD40009B7E79 /* Common */,
				A25201C121119F3900BADE9C /* CoreMLUtils */,
				A263AAE1211B0C8100B91AB7 /* CoreMLYOLO */,
				A263AADF211B0A0300B91AB7 /* MPSYOLO */,
				A2B91B242111A6A00068274F /* DJIVideoCapture.swift */,
				A2B91B252111A6A00068274F /* DJIMLViewController.swift */,
				A27AA1892129BFC900C834DD /* DefaultLayoutViewController.swift */,
				A25201AF21119ECE00BADE9C /* AppDelegate.swift */,
				A27AA18A2129BFC900C834DD /* DJIMLViewController.xib */,
				A25201B321119ECE00BADE9C /* Main.storyboard */,
				A25201B621119ECF00BADE9C /* Assets.xcassets */,
				A25201B821119ECF00BADE9C /* LaunchScreen.storyboard */,
				A25201BB21119ECF00BADE9C /* Info.plist */,
			);
			path = DJIML;
			sourceTree = "<group>";
		};
		A25201C121119F3900BADE9C /* CoreMLUtils */ = {
			isa = PBXGroup;
			children = (
				A25201C221119F3900BADE9C /* Math.swift */,
				A25201C421119F3900BADE9C /* Array.swift */,
				A25201C721119F3900BADE9C /* MultiArray.swift */,
				A25201C621119F3900BADE9C /* Predictions.swift */,
				A25201C921119F3900BADE9C /* NonMaxSuppression.swift */,
				A25201C821119F3900BADE9C /* CVPixelBuffer+Helpers.swift */,
				A25201C321119F3900BADE9C /* UIImage+CVPixelBuffer.swift */,
				A25201CA21119F3900BADE9C /* MLMultiArray+Image.swift */,
			);
			path = CoreMLUtils;
			sourceTree = "<group>";
		};
		A259EE4C2129BD40009B7E79 /* Common */ = {
			isa = PBXGroup;
			children = (
				A25201C521119F3900BADE9C /* BoundingBox.swift */,
				A2B91B232111A6A00068274F /* DJIMLHelpers.swift */,
			);
			path = Common;
			sourceTree = "<group>";
		};
		A25EBB452111A28D009D9091 /* Products */ = {
			isa = PBXGroup;
			children = (
				A25EBB492111A28D009D9091 /* VideoPreviewer.framework */,
			);
			name = Products;
			sourceTree = "<group>";
		};
		A263AADF211B0A0300B91AB7 /* MPSYOLO */ = {
			isa = PBXGroup;
			children = (
				A263AAF3211B60FA00B91AB7 /* Parameters */,
				A263AAE2211B0D0F00B91AB7 /* SwiftFloat16.swift */,
				A263AAE4211B12CD00B91AB7 /* MPSImage+Float.swift */,
				A263AAE6211B204500B91AB7 /* MTLTexture+Array.swift */,
				A263AAE8211B25EA00B91AB7 /* UIImage+RawBytes.swift */,
				A263AAEA211B27DE00B91AB7 /* UIImage+MTLTexture.swift */,
				A263AAEC211B2F3300B91AB7 /* Debugging.swift */,
				A263AAEE211B30A800B91AB7 /* TextureLoader.swift */,
				A263AAF0211B31D500B91AB7 /* MPSYOLO.swift */,
			);
			path = MPSYOLO;
			sourceTree = "<group>";
		};
		A263AAE1211B0C8100B91AB7 /* CoreMLYOLO */ = {
			isa = PBXGroup;
			children = (
				A259EE4A2129BD12009B7E79 /* TinyCOCOYOLO.mlmodel */,
				A2B91B222111A6A00068274F /* TinyYOLO.mlmodel */,
				A2B91B262111A6A00068274F /* YOLO.swift */,
			);
			path = CoreMLYOLO;
			sourceTree = "<group>";
		};
		A263AAF3211B60FA00B91AB7 /* Parameters */ = {
			isa = PBXGroup;
			children = (
				A263AAF4211B60FA00B91AB7 /* conv8.bin */,
				A263AAF5211B60FA00B91AB7 /* conv9.bin */,
				A263AAF6211B60FA00B91AB7 /* conv4.bin */,
				A263AAF7211B60FA00B91AB7 /* conv5.bin */,
				A263AAF8211B60FA00B91AB7 /* conv7.bin */,
				A263AAF9211B60FA00B91AB7 /* conv6.bin */,
				A263AAFA211B60FA00B91AB7 /* conv2.bin */,
				A263AAFB211B60FA00B91AB7 /* conv3.bin */,
				A263AAFC211B60FA00B91AB7 /* conv1.bin */,
			);
			path = Parameters;
			sourceTree = "<group>";
		};
		AA086BAD354BB18B865F6CE4 /* Frameworks */ = {
			isa = PBXGroup;
			children = (
				A25EBB442111A28D009D9091 /* VideoPreviewer.xcodeproj */,
				C78648C550FD18B6CC1CC108 /* Pods_DJIML.framework */,
			);
			name = Frameworks;
			sourceTree = "<group>";
		};
/* End PBXGroup section */

/* Begin PBXNativeTarget section */
		A25201AB21119ECE00BADE9C /* DJIML */ = {
			isa = PBXNativeTarget;
			buildConfigurationList = A25201BE21119ECF00BADE9C /* Build configuration list for PBXNativeTarget "DJIML" */;
			buildPhases = (
				C4912CF7F018E918F6ACC8CE /* [CP] Check Pods Manifest.lock */,
				A25201A821119ECE00BADE9C /* Sources */,
				A25201A921119ECE00BADE9C /* Frameworks */,
				A25201AA21119ECE00BADE9C /* Resources */,
				CBD03357C074F763F17753E9 /* [CP] Embed Pods Frameworks */,
				A25EBB4E2111A2A7009D9091 /* Embed Frameworks */,
			);
			buildRules = (
			);
			dependencies = (
				A25EBB4D2111A2A7009D9091 /* PBXTargetDependency */,
			);
			name = DJIML;
			productName = DJIML;
			productReference = A25201AC21119ECE00BADE9C /* DJIML.app */;
			productType = "com.apple.product-type.application";
		};
/* End PBXNativeTarget section */

/* Begin PBXProject section */
		A25201A421119ECE00BADE9C /* Project object */ = {
			isa = PBXProject;
			attributes = {
				LastSwiftUpdateCheck = 1000;
				LastUpgradeCheck = 1000;
				ORGANIZATIONNAME = Darko;
				TargetAttributes = {
					A25201AB21119ECE00BADE9C = {
						CreatedOnToolsVersion = 10.0;
					};
				};
			};
			buildConfigurationList = A25201A721119ECE00BADE9C /* Build configuration list for PBXProject "DJIML" */;
			compatibilityVersion = "Xcode 9.3";
			developmentRegion = en;
			hasScannedForEncodings = 0;
			knownRegions = (
				en,
				Base,
			);
			mainGroup = A25201A321119ECE00BADE9C;
			productRefGroup = A25201AD21119ECE00BADE9C /* Products */;
			projectDirPath = "";
			projectReferences = (
				{
					ProductGroup = A25EBB452111A28D009D9091 /* Products */;
					ProjectRef = A25EBB442111A28D009D9091 /* VideoPreviewer.xcodeproj */;
				},
			);
			projectRoot = "";
			targets = (
				A25201AB21119ECE00BADE9C /* DJIML */,
			);
		};
/* End PBXProject section */

/* Begin PBXReferenceProxy section */
		A25EBB492111A28D009D9091 /* VideoPreviewer.framework */ = {
			isa = PBXReferenceProxy;
			fileType = wrapper.framework;
			path = VideoPreviewer.framework;
			remoteRef = A25EBB482111A28D009D9091 /* PBXContainerItemProxy */;
			sourceTree = BUILT_PRODUCTS_DIR;
		};
/* End PBXReferenceProxy section */

/* Begin PBXResourcesBuildPhase section */
		A25201AA21119ECE00BADE9C /* Resources */ = {
			isa = PBXResourcesBuildPhase;
			buildActionMask = 2147483647;
			files = (
				A263AB02211B60FA00B91AB7 /* conv6.bin in Resources */,
				A27AA18C2129BFCA00C834DD /* DJIMLViewController.xib in Resources */,
				A263AB01211B60FA00B91AB7 /* conv7.bin in Resources */,
				A25201BA21119ECF00BADE9C /* LaunchScreen.storyboard in Resources */,
				A263AAFD211B60FA00B91AB7 /* conv8.bin in Resources */,
				A25201B721119ECF00BADE9C /* Assets.xcassets in Resources */,
				A263AB00211B60FA00B91AB7 /* conv5.bin in Resources */,
				A263AAFE211B60FA00B91AB7 /* conv9.bin in Resources */,
				A263AB03211B60FA00B91AB7 /* conv2.bin in Resources */,
				A2E1638E211335AA008CB7FC /* README.md in Resources */,
				A263AB05211B60FA00B91AB7 /* conv1.bin in Resources */,
				A263AB04211B60FA00B91AB7 /* conv3.bin in Resources */,
				A25201B521119ECE00BADE9C /* Main.storyboard in Resources */,
				A263AAFF211B60FA00B91AB7 /* conv4.bin in Resources */,
			);
			runOnlyForDeploymentPostprocessing = 0;
		};
/* End PBXResourcesBuildPhase section */

/* Begin PBXShellScriptBuildPhase section */
		C4912CF7F018E918F6ACC8CE /* [CP] Check Pods Manifest.lock */ = {
			isa = PBXShellScriptBuildPhase;
			buildActionMask = 2147483647;
			files = (
			);
			inputPaths = (
				"${PODS_PODFILE_DIR_PATH}/Podfile.lock",
				"${PODS_ROOT}/Manifest.lock",
			);
			name = "[CP] Check Pods Manifest.lock";
			outputPaths = (
				"$(DERIVED_FILE_DIR)/Pods-DJIML-checkManifestLockResult.txt",
			);
			runOnlyForDeploymentPostprocessing = 0;
			shellPath = /bin/sh;
			shellScript = "diff \"${PODS_PODFILE_DIR_PATH}/Podfile.lock\" \"${PODS_ROOT}/Manifest.lock\" > /dev/null\nif [ $? != 0 ] ; then\n    # print error to STDERR\n    echo \"error: The sandbox is not in sync with the Podfile.lock. Run 'pod install' or update your CocoaPods installation.\" >&2\n    exit 1\nfi\n# This output is used by Xcode 'outputs' to avoid re-running this script phase.\necho \"SUCCESS\" > \"${SCRIPT_OUTPUT_FILE_0}\"\n";
			showEnvVarsInLog = 0;
		};
		CBD03357C074F763F17753E9 /* [CP] Embed Pods Frameworks */ = {
			isa = PBXShellScriptBuildPhase;
			buildActionMask = 2147483647;
			files = (
			);
			inputPaths = (
				"${SRCROOT}/Pods/Target Support Files/Pods-DJIML/Pods-DJIML-frameworks.sh",
				"${PODS_ROOT}/DJI-SDK-iOS/iOS_Mobile_SDK/DJISDK.framework",
				"${PODS_ROOT}/DJI-UXSDK-iOS/iOS_UXSDK/DJIUXSDK.framework",
			);
			name = "[CP] Embed Pods Frameworks";
			outputPaths = (
				"${TARGET_BUILD_DIR}/${FRAMEWORKS_FOLDER_PATH}/DJISDK.framework",
				"${TARGET_BUILD_DIR}/${FRAMEWORKS_FOLDER_PATH}/DJIUXSDK.framework",
			);
			runOnlyForDeploymentPostprocessing = 0;
			shellPath = /bin/sh;
			shellScript = "\"${SRCROOT}/Pods/Target Support Files/Pods-DJIML/Pods-DJIML-frameworks.sh\"\n";
			showEnvVarsInLog = 0;
		};
/* End PBXShellScriptBuildPhase section */

/* Begin PBXSourcesBuildPhase section */
		A25201A821119ECE00BADE9C /* Sources */ = {
			isa = PBXSourcesBuildPhase;
			buildActionMask = 2147483647;
			files = (
				A263AAEF211B30A800B91AB7 /* TextureLoader.swift in Sources */,
				A2B91B282111A6A10068274F /* DJIMLHelpers.swift in Sources */,
				A263AAED211B2F3300B91AB7 /* Debugging.swift in Sources */,
				A263AAF1211B31D500B91AB7 /* MPSYOLO.swift in Sources */,
				A25201D321119F3900BADE9C /* MLMultiArray+Image.swift in Sources */,
				A2B91B292111A6A10068274F /* DJIVideoCapture.swift in Sources */,
				A25201CE21119F3900BADE9C /* BoundingBox.swift in Sources */,
				A25201D121119F3900BADE9C /* CVPixelBuffer+Helpers.swift in Sources */,
				A2B91B2A2111A6A10068274F /* DJIMLViewController.swift in Sources */,
				A25201B021119ECE00BADE9C /* AppDelegate.swift in Sources */,
				A263AAE5211B12CD00B91AB7 /* MPSImage+Float.swift in Sources */,
				A263AAE3211B0D0F00B91AB7 /* SwiftFloat16.swift in Sources */,
				A263AAEB211B27DE00B91AB7 /* UIImage+MTLTexture.swift in Sources */,
				A27AA18B2129BFCA00C834DD /* DefaultLayoutViewController.swift in Sources */,
				A25201CD21119F3900BADE9C /* Array.swift in Sources */,
				A2B91B2B2111A6A10068274F /* YOLO.swift in Sources */,
				A25201D021119F3900BADE9C /* MultiArray.swift in Sources */,
				A25201CC21119F3900BADE9C /* UIImage+CVPixelBuffer.swift in Sources */,
				A263AAE9211B25EA00B91AB7 /* UIImage+RawBytes.swift in Sources */,
				A263AAE7211B204500B91AB7 /* MTLTexture+Array.swift in Sources */,
				A25201CF21119F3900BADE9C /* Predictions.swift in Sources */,
				A25201D221119F3900BADE9C /* NonMaxSuppression.swift in Sources */,
				A25201CB21119F3900BADE9C /* Math.swift in Sources */,
				A2B91B272111A6A10068274F /* TinyYOLO.mlmodel in Sources */,
				A259EE4B2129BD12009B7E79 /* TinyCOCOYOLO.mlmodel in Sources */,
			);
			runOnlyForDeploymentPostprocessing = 0;
		};
/* End PBXSourcesBuildPhase section */

/* Begin PBXTargetDependency section */
		A25EBB4D2111A2A7009D9091 /* PBXTargetDependency */ = {
			isa = PBXTargetDependency;
			name = VideoPreviewer;
			targetProxy = A25EBB4C2111A2A7009D9091 /* PBXContainerItemProxy */;
		};
/* End PBXTargetDependency section */

/* Begin PBXVariantGroup section */
		A25201B321119ECE00BADE9C /* Main.storyboard */ = {
			isa = PBXVariantGroup;
			children = (
				A25201B421119ECE00BADE9C /* Base */,
			);
			name = Main.storyboard;
			sourceTree = "<group>";
		};
		A25201B821119ECF00BADE9C /* LaunchScreen.storyboard */ = {
			isa = PBXVariantGroup;
			children = (
				A25201B921119ECF00BADE9C /* Base */,
			);
			name = LaunchScreen.storyboard;
			sourceTree = "<group>";
		};
/* End PBXVariantGroup section */

/* Begin XCBuildConfiguration section */
		A25201BC21119ECF00BADE9C /* Debug */ = {
			isa = XCBuildConfiguration;
			buildSettings = {
				ALWAYS_SEARCH_USER_PATHS = NO;
				CLANG_ANALYZER_NONNULL = YES;
				CLANG_ANALYZER_NUMBER_OBJECT_CONVERSION = YES_AGGRESSIVE;
				CLANG_CXX_LANGUAGE_STANDARD = "gnu++14";
				CLANG_CXX_LIBRARY = "libc++";
				CLANG_ENABLE_MODULES = YES;
				CLANG_ENABLE_OBJC_ARC = YES;
				CLANG_ENABLE_OBJC_WEAK = YES;
				CLANG_WARN_BLOCK_CAPTURE_AUTORELEASING = YES;
				CLANG_WARN_BOOL_CONVERSION = YES;
				CLANG_WARN_COMMA = YES;
				CLANG_WARN_CONSTANT_CONVERSION = YES;
				CLANG_WARN_DEPRECATED_OBJC_IMPLEMENTATIONS = YES;
				CLANG_WARN_DIRECT_OBJC_ISA_USAGE = YES_ERROR;
				CLANG_WARN_DOCUMENTATION_COMMENTS = YES;
				CLANG_WARN_EMPTY_BODY = YES;
				CLANG_WARN_ENUM_CONVERSION = YES;
				CLANG_WARN_INFINITE_RECURSION = YES;
				CLANG_WARN_INT_CONVERSION = YES;
				CLANG_WARN_NON_LITERAL_NULL_CONVERSION = YES;
				CLANG_WARN_OBJC_IMPLICIT_RETAIN_SELF = YES;
				CLANG_WARN_OBJC_LITERAL_CONVERSION = YES;
				CLANG_WARN_OBJC_ROOT_CLASS = YES_ERROR;
				CLANG_WARN_RANGE_LOOP_ANALYSIS = YES;
				CLANG_WARN_STRICT_PROTOTYPES = YES;
				CLANG_WARN_SUSPICIOUS_MOVE = YES;
				CLANG_WARN_UNGUARDED_AVAILABILITY = YES_AGGRESSIVE;
				CLANG_WARN_UNREACHABLE_CODE = YES;
				CLANG_WARN__DUPLICATE_METHOD_MATCH = YES;
				CODE_SIGN_IDENTITY = "iPhone Developer";
				COPY_PHASE_STRIP = NO;
				DEBUG_INFORMATION_FORMAT = dwarf;
				ENABLE_STRICT_OBJC_MSGSEND = YES;
				ENABLE_TESTABILITY = YES;
				GCC_C_LANGUAGE_STANDARD = gnu11;
				GCC_DYNAMIC_NO_PIC = NO;
				GCC_NO_COMMON_BLOCKS = YES;
				GCC_OPTIMIZATION_LEVEL = 0;
				GCC_PREPROCESSOR_DEFINITIONS = (
					"DEBUG=1",
					"$(inherited)",
				);
				GCC_WARN_64_TO_32_BIT_CONVERSION = YES;
				GCC_WARN_ABOUT_RETURN_TYPE = YES_ERROR;
				GCC_WARN_UNDECLARED_SELECTOR = YES;
				GCC_WARN_UNINITIALIZED_AUTOS = YES_AGGRESSIVE;
				GCC_WARN_UNUSED_FUNCTION = YES;
				GCC_WARN_UNUSED_VARIABLE = YES;
				IPHONEOS_DEPLOYMENT_TARGET = 12.0;
				MTL_ENABLE_DEBUG_INFO = INCLUDE_SOURCE;
				MTL_FAST_MATH = YES;
				ONLY_ACTIVE_ARCH = YES;
				SDKROOT = iphoneos;
				SWIFT_ACTIVE_COMPILATION_CONDITIONS = DEBUG;
				SWIFT_OPTIMIZATION_LEVEL = "-Onone";
			};
			name = Debug;
		};
		A25201BD21119ECF00BADE9C /* Release */ = {
			isa = XCBuildConfiguration;
			buildSettings = {
				ALWAYS_SEARCH_USER_PATHS = NO;
				CLANG_ANALYZER_NONNULL = YES;
				CLANG_ANALYZER_NUMBER_OBJECT_CONVERSION = YES_AGGRESSIVE;
				CLANG_CXX_LANGUAGE_STANDARD = "gnu++14";
				CLANG_CXX_LIBRARY = "libc++";
				CLANG_ENABLE_MODULES = YES;
				CLANG_ENABLE_OBJC_ARC = YES;
				CLANG_ENABLE_OBJC_WEAK = YES;
				CLANG_WARN_BLOCK_CAPTURE_AUTORELEASING = YES;
				CLANG_WARN_BOOL_CONVERSION = YES;
				CLANG_WARN_COMMA = YES;
				CLANG_WARN_CONSTANT_CONVERSION = YES;
				CLANG_WARN_DEPRECATED_OBJC_IMPLEMENTATIONS = YES;
				CLANG_WARN_DIRECT_OBJC_ISA_USAGE = YES_ERROR;
				CLANG_WARN_DOCUMENTATION_COMMENTS = YES;
				CLANG_WARN_EMPTY_BODY = YES;
				CLANG_WARN_ENUM_CONVERSION = YES;
				CLANG_WARN_INFINITE_RECURSION = YES;
				CLANG_WARN_INT_CONVERSION = YES;
				CLANG_WARN_NON_LITERAL_NULL_CONVERSION = YES;
				CLANG_WARN_OBJC_IMPLICIT_RETAIN_SELF = YES;
				CLANG_WARN_OBJC_LITERAL_CONVERSION = YES;
				CLANG_WARN_OBJC_ROOT_CLASS = YES_ERROR;
				CLANG_WARN_RANGE_LOOP_ANALYSIS = YES;
				CLANG_WARN_STRICT_PROTOTYPES = YES;
				CLANG_WARN_SUSPICIOUS_MOVE = YES;
				CLANG_WARN_UNGUARDED_AVAILABILITY = YES_AGGRESSIVE;
				CLANG_WARN_UNREACHABLE_CODE = YES;
				CLANG_WARN__DUPLICATE_METHOD_MATCH = YES;
				CODE_SIGN_IDENTITY = "iPhone Developer";
				COPY_PHASE_STRIP = NO;
				DEBUG_INFORMATION_FORMAT = "dwarf-with-dsym";
				ENABLE_NS_ASSERTIONS = NO;
				ENABLE_STRICT_OBJC_MSGSEND = YES;
				GCC_C_LANGUAGE_STANDARD = gnu11;
				GCC_NO_COMMON_BLOCKS = YES;
				GCC_WARN_64_TO_32_BIT_CONVERSION = YES;
				GCC_WARN_ABOUT_RETURN_TYPE = YES_ERROR;
				GCC_WARN_UNDECLARED_SELECTOR = YES;
				GCC_WARN_UNINITIALIZED_AUTOS = YES_AGGRESSIVE;
				GCC_WARN_UNUSED_FUNCTION = YES;
				GCC_WARN_UNUSED_VARIABLE = YES;
				IPHONEOS_DEPLOYMENT_TARGET = 12.0;
				MTL_ENABLE_DEBUG_INFO = NO;
				MTL_FAST_MATH = YES;
				SDKROOT = iphoneos;
				SWIFT_COMPILATION_MODE = wholemodule;
				SWIFT_OPTIMIZATION_LEVEL = "-O";
				VALIDATE_PRODUCT = YES;
			};
			name = Release;
		};
		A25201BF21119ECF00BADE9C /* Debug */ = {
			isa = XCBuildConfiguration;
			baseConfigurationReference = FCC982CA80434BFB68F613A6 /* Pods-DJIML.debug.xcconfig */;
			buildSettings = {
				ASSETCATALOG_COMPILER_APPICON_NAME = AppIcon;
				CODE_SIGN_IDENTITY = "iPhone Developer";
				CODE_SIGN_STYLE = Automatic;
				DEVELOPMENT_TEAM = HCYK33GWAM;
				ENABLE_BITCODE = NO;
				INFOPLIST_FILE = DJIML/Info.plist;
				IPHONEOS_DEPLOYMENT_TARGET = 11.4;
				LD_RUNPATH_SEARCH_PATHS = (
					"$(inherited)",
					"@executable_path/Frameworks",
				);
				PRODUCT_BUNDLE_IDENTIFIER = Darko.DJIML;
				PRODUCT_NAME = "$(TARGET_NAME)";
				PROVISIONING_PROFILE_SPECIFIER = "";
				SWIFT_VERSION = 4.0;
				TARGETED_DEVICE_FAMILY = "1,2";
			};
			name = Debug;
		};
		A25201C021119ECF00BADE9C /* Release */ = {
			isa = XCBuildConfiguration;
			baseConfigurationReference = 5934A21DC08FD736A96D0899 /* Pods-DJIML.release.xcconfig */;
			buildSettings = {
				ASSETCATALOG_COMPILER_APPICON_NAME = AppIcon;
				CODE_SIGN_IDENTITY = "iPhone Developer";
				CODE_SIGN_STYLE = Automatic;
				DEVELOPMENT_TEAM = HCYK33GWAM;
				ENABLE_BITCODE = NO;
				INFOPLIST_FILE = DJIML/Info.plist;
				IPHONEOS_DEPLOYMENT_TARGET = 11.4;
				LD_RUNPATH_SEARCH_PATHS = (
					"$(inherited)",
					"@executable_path/Frameworks",
				);
				PRODUCT_BUNDLE_IDENTIFIER = Darko.DJIML;
				PRODUCT_NAME = "$(TARGET_NAME)";
				PROVISIONING_PROFILE_SPECIFIER = "";
				SWIFT_VERSION = 4.0;
				TARGETED_DEVICE_FAMILY = "1,2";
			};
			name = Release;
		};
/* End XCBuildConfiguration section */

/* Begin XCConfigurationList section */
		A25201A721119ECE00BADE9C /* Build configuration list for PBXProject "DJIML" */ = {
			isa = XCConfigurationList;
			buildConfigurations = (
				A25201BC21119ECF00BADE9C /* Debug */,
				A25201BD21119ECF00BADE9C /* Release */,
			);
			defaultConfigurationIsVisible = 0;
			defaultConfigurationName = Release;
		};
		A25201BE21119ECF00BADE9C /* Build configuration list for PBXNativeTarget "DJIML" */ = {
			isa = XCConfigurationList;
			buildConfigurations = (
				A25201BF21119ECF00BADE9C /* Debug */,
				A25201C021119ECF00BADE9C /* Release */,
			);
			defaultConfigurationIsVisible = 0;
			defaultConfigurationName = Release;
		};
/* End XCConfigurationList section */
	};
	rootObject = A25201A421119ECE00BADE9C /* Project object */;
}
